// !$*UTF8*$!
{
	archiveVersion = 1;
	classes = {
	};
	objectVersion = 51;
	objects = {

/* Begin PBXBuildFile section */
		67094D943216CF4FB3A7169A /* Pods_MusicHistory.framework in Frameworks */ = {isa = PBXBuildFile; fileRef = 54BE844F251D9D48AB4265B4 /* Pods_MusicHistory.framework */; };
		75017971235BBA1400EF4B26 /* SignUpViewController.swift in Sources */ = {isa = PBXBuildFile; fileRef = 75017970235BBA1400EF4B26 /* SignUpViewController.swift */; };
		75017973235BBA3600EF4B26 /* LogInViewController.swift in Sources */ = {isa = PBXBuildFile; fileRef = 75017972235BBA3600EF4B26 /* LogInViewController.swift */; };
		756A50F7235E8673005397A9 /* MainViewController.swift in Sources */ = {isa = PBXBuildFile; fileRef = 756A50F6235E8673005397A9 /* MainViewController.swift */; };
		758896682355598C00730C64 /* AppDelegate.swift in Sources */ = {isa = PBXBuildFile; fileRef = 758896672355598C00730C64 /* AppDelegate.swift */; };
		7588966A2355598C00730C64 /* SceneDelegate.swift in Sources */ = {isa = PBXBuildFile; fileRef = 758896692355598C00730C64 /* SceneDelegate.swift */; };
		7588966C2355598C00730C64 /* ViewController.swift in Sources */ = {isa = PBXBuildFile; fileRef = 7588966B2355598C00730C64 /* ViewController.swift */; };
		7588966F2355598C00730C64 /* Main.storyboard in Resources */ = {isa = PBXBuildFile; fileRef = 7588966D2355598C00730C64 /* Main.storyboard */; };
		758896712355598D00730C64 /* Assets.xcassets in Resources */ = {isa = PBXBuildFile; fileRef = 758896702355598D00730C64 /* Assets.xcassets */; };
		758896742355598D00730C64 /* LaunchScreen.storyboard in Resources */ = {isa = PBXBuildFile; fileRef = 758896722355598D00730C64 /* LaunchScreen.storyboard */; };
		75F3A3E0235BC78B005926CD /* GoogleService-Info.plist in Resources */ = {isa = PBXBuildFile; fileRef = 75F3A3DF235BC78B005926CD /* GoogleService-Info.plist */; };
/* End PBXBuildFile section */

/* Begin PBXFileReference section */
		54BE844F251D9D48AB4265B4 /* Pods_MusicHistory.framework */ = {isa = PBXFileReference; explicitFileType = wrapper.framework; includeInIndex = 0; path = Pods_MusicHistory.framework; sourceTree = BUILT_PRODUCTS_DIR; };
		64972ECCD7DBE67AED0D5D3E /* Pods-MusicHistory.release.xcconfig */ = {isa = PBXFileReference; includeInIndex = 1; lastKnownFileType = text.xcconfig; name = "Pods-MusicHistory.release.xcconfig"; path = "Target Support Files/Pods-MusicHistory/Pods-MusicHistory.release.xcconfig"; sourceTree = "<group>"; };
		75017970235BBA1400EF4B26 /* SignUpViewController.swift */ = {isa = PBXFileReference; lastKnownFileType = sourcecode.swift; path = SignUpViewController.swift; sourceTree = "<group>"; };
		75017972235BBA3600EF4B26 /* LogInViewController.swift */ = {isa = PBXFileReference; lastKnownFileType = sourcecode.swift; path = LogInViewController.swift; sourceTree = "<group>"; };
		756A50F6235E8673005397A9 /* MainViewController.swift */ = {isa = PBXFileReference; lastKnownFileType = sourcecode.swift; path = MainViewController.swift; sourceTree = "<group>"; };
		758896642355598C00730C64 /* MusicHistory.app */ = {isa = PBXFileReference; explicitFileType = wrapper.application; includeInIndex = 0; path = MusicHistory.app; sourceTree = BUILT_PRODUCTS_DIR; };
		758896672355598C00730C64 /* AppDelegate.swift */ = {isa = PBXFileReference; lastKnownFileType = sourcecode.swift; path = AppDelegate.swift; sourceTree = "<group>"; };
		758896692355598C00730C64 /* SceneDelegate.swift */ = {isa = PBXFileReference; lastKnownFileType = sourcecode.swift; path = SceneDelegate.swift; sourceTree = "<group>"; };
		7588966B2355598C00730C64 /* ViewController.swift */ = {isa = PBXFileReference; lastKnownFileType = sourcecode.swift; path = ViewController.swift; sourceTree = "<group>"; };
		7588966E2355598C00730C64 /* Base */ = {isa = PBXFileReference; lastKnownFileType = file.storyboard; name = Base; path = Base.lproj/Main.storyboard; sourceTree = "<group>"; };
		758896702355598D00730C64 /* Assets.xcassets */ = {isa = PBXFileReference; lastKnownFileType = folder.assetcatalog; path = Assets.xcassets; sourceTree = "<group>"; };
		758896732355598D00730C64 /* Base */ = {isa = PBXFileReference; lastKnownFileType = file.storyboard; name = Base; path = Base.lproj/LaunchScreen.storyboard; sourceTree = "<group>"; };
		758896752355598D00730C64 /* Info.plist */ = {isa = PBXFileReference; lastKnownFileType = text.plist.xml; path = Info.plist; sourceTree = "<group>"; };
		75F3A3DF235BC78B005926CD /* GoogleService-Info.plist */ = {isa = PBXFileReference; fileEncoding = 4; lastKnownFileType = text.plist.xml; path = "GoogleService-Info.plist"; sourceTree = "<group>"; };
		A042B29D097AC84C247B5C30 /* Pods-MusicHistory.debug.xcconfig */ = {isa = PBXFileReference; includeInIndex = 1; lastKnownFileType = text.xcconfig; name = "Pods-MusicHistory.debug.xcconfig"; path = "Target Support Files/Pods-MusicHistory/Pods-MusicHistory.debug.xcconfig"; sourceTree = "<group>"; };
/* End PBXFileReference section */

/* Begin PBXFrameworksBuildPhase section */
		758896612355598C00730C64 /* Frameworks */ = {
			isa = PBXFrameworksBuildPhase;
			buildActionMask = 2147483647;
			files = (
				67094D943216CF4FB3A7169A /* Pods_MusicHistory.framework in Frameworks */,
			);
			runOnlyForDeploymentPostprocessing = 0;
		};
/* End PBXFrameworksBuildPhase section */

/* Begin PBXGroup section */
		5544FB59F2B346CBFA32EB57 /* Pods */ = {
			isa = PBXGroup;
			children = (
				A042B29D097AC84C247B5C30 /* Pods-MusicHistory.debug.xcconfig */,
				64972ECCD7DBE67AED0D5D3E /* Pods-MusicHistory.release.xcconfig */,
			);
			path = Pods;
			sourceTree = "<group>";
		};
		7588965B2355598C00730C64 = {
			isa = PBXGroup;
			children = (
				758896662355598C00730C64 /* MusicHistory */,
				758896652355598C00730C64 /* Products */,
				5544FB59F2B346CBFA32EB57 /* Pods */,
				C66084BFE4E30FA7AEA94B38 /* Frameworks */,
			);
			sourceTree = "<group>";
		};
		758896652355598C00730C64 /* Products */ = {
			isa = PBXGroup;
			children = (
				758896642355598C00730C64 /* MusicHistory.app */,
			);
			name = Products;
			sourceTree = "<group>";
		};
		758896662355598C00730C64 /* MusicHistory */ = {
			isa = PBXGroup;
			children = (
				758896672355598C00730C64 /* AppDelegate.swift */,
				758896692355598C00730C64 /* SceneDelegate.swift */,
				7588966B2355598C00730C64 /* ViewController.swift */,
				75017972235BBA3600EF4B26 /* LogInViewController.swift */,
				75017970235BBA1400EF4B26 /* SignUpViewController.swift */,
				756A50F6235E8673005397A9 /* MainViewController.swift */,
				7588966D2355598C00730C64 /* Main.storyboard */,
				758896702355598D00730C64 /* Assets.xcassets */,
				758896722355598D00730C64 /* LaunchScreen.storyboard */,
				758896752355598D00730C64 /* Info.plist */,
				75F3A3DF235BC78B005926CD /* GoogleService-Info.plist */,
			);
			path = MusicHistory;
			sourceTree = "<group>";
		};
		C66084BFE4E30FA7AEA94B38 /* Frameworks */ = {
			isa = PBXGroup;
			children = (
				54BE844F251D9D48AB4265B4 /* Pods_MusicHistory.framework */,
			);
			name = Frameworks;
			sourceTree = "<group>";
		};
/* End PBXGroup section */

/* Begin PBXNativeTarget section */
		758896632355598C00730C64 /* MusicHistory */ = {
			isa = PBXNativeTarget;
			buildConfigurationList = 758896782355598D00730C64 /* Build configuration list for PBXNativeTarget "MusicHistory" */;
			buildPhases = (
				33AB95AE4B8FFEF2872521DB /* [CP] Check Pods Manifest.lock */,
				758896602355598C00730C64 /* Sources */,
				758896612355598C00730C64 /* Frameworks */,
				758896622355598C00730C64 /* Resources */,
				A7010E3B89890F5400E9B74F /* [CP] Embed Pods Frameworks */,
			);
			buildRules = (
			);
			dependencies = (
			);
			name = MusicHistory;
			productName = MusicHistory;
			productReference = 758896642355598C00730C64 /* MusicHistory.app */;
			productType = "com.apple.product-type.application";
		};
/* End PBXNativeTarget section */

/* Begin PBXProject section */
		7588965C2355598C00730C64 /* Project object */ = {
			isa = PBXProject;
			attributes = {
				LastSwiftUpdateCheck = 1110;
				LastUpgradeCheck = 1110;
				ORGANIZATIONNAME = Greenhouse;
				TargetAttributes = {
					758896632355598C00730C64 = {
						CreatedOnToolsVersion = 11.1;
					};
				};
			};
			buildConfigurationList = 7588965F2355598C00730C64 /* Build configuration list for PBXProject "MusicHistory" */;
			compatibilityVersion = "Xcode 9.3";
			developmentRegion = en;
			hasScannedForEncodings = 0;
			knownRegions = (
				en,
				Base,
			);
			mainGroup = 7588965B2355598C00730C64;
			productRefGroup = 758896652355598C00730C64 /* Products */;
			projectDirPath = "";
			projectRoot = "";
			targets = (
				758896632355598C00730C64 /* MusicHistory */,
			);
		};
/* End PBXProject section */

/* Begin PBXResourcesBuildPhase section */
		758896622355598C00730C64 /* Resources */ = {
			isa = PBXResourcesBuildPhase;
			buildActionMask = 2147483647;
			files = (
				758896742355598D00730C64 /* LaunchScreen.storyboard in Resources */,
				75F3A3E0235BC78B005926CD /* GoogleService-Info.plist in Resources */,
				758896712355598D00730C64 /* Assets.xcassets in Resources */,
				7588966F2355598C00730C64 /* Main.storyboard in Resources */,
			);
			runOnlyForDeploymentPostprocessing = 0;
		};
/* End PBXResourcesBuildPhase section */

/* Begin PBXShellScriptBuildPhase section */
		33AB95AE4B8FFEF2872521DB /* [CP] Check Pods Manifest.lock */ = {
			isa = PBXShellScriptBuildPhase;
			buildActionMask = 2147483647;
			files = (
			);
			inputFileListPaths = (
			);
			inputPaths = (
				"${PODS_PODFILE_DIR_PATH}/Podfile.lock",
				"${PODS_ROOT}/Manifest.lock",
			);
			name = "[CP] Check Pods Manifest.lock";
			outputFileListPaths = (
			);
			outputPaths = (
				"$(DERIVED_FILE_DIR)/Pods-MusicHistory-checkManifestLockResult.txt",
			);
			runOnlyForDeploymentPostprocessing = 0;
			shellPath = /bin/sh;
			shellScript = "diff \"${PODS_PODFILE_DIR_PATH}/Podfile.lock\" \"${PODS_ROOT}/Manifest.lock\" > /dev/null\nif [ $? != 0 ] ; then\n    # print error to STDERR\n    echo \"error: The sandbox is not in sync with the Podfile.lock. Run 'pod install' or update your CocoaPods installation.\" >&2\n    exit 1\nfi\n# This output is used by Xcode 'outputs' to avoid re-running this script phase.\necho \"SUCCESS\" > \"${SCRIPT_OUTPUT_FILE_0}\"\n";
			showEnvVarsInLog = 0;
		};
		A7010E3B89890F5400E9B74F /* [CP] Embed Pods Frameworks */ = {
			isa = PBXShellScriptBuildPhase;
			buildActionMask = 2147483647;
			files = (
			);
			inputFileListPaths = (
				"${PODS_ROOT}/Target Support Files/Pods-MusicHistory/Pods-MusicHistory-frameworks-${CONFIGURATION}-input-files.xcfilelist",
			);
			name = "[CP] Embed Pods Frameworks";
			outputFileListPaths = (
				"${PODS_ROOT}/Target Support Files/Pods-MusicHistory/Pods-MusicHistory-frameworks-${CONFIGURATION}-output-files.xcfilelist",
			);
			runOnlyForDeploymentPostprocessing = 0;
			shellPath = /bin/sh;
			shellScript = "\"${PODS_ROOT}/Target Support Files/Pods-MusicHistory/Pods-MusicHistory-frameworks.sh\"\n";
			showEnvVarsInLog = 0;
		};
/* End PBXShellScriptBuildPhase section */

/* Begin PBXSourcesBuildPhase section */
		758896602355598C00730C64 /* Sources */ = {
			isa = PBXSourcesBuildPhase;
			buildActionMask = 2147483647;
			files = (
				7588966C2355598C00730C64 /* ViewController.swift in Sources */,
				758896682355598C00730C64 /* AppDelegate.swift in Sources */,
				75017971235BBA1400EF4B26 /* SignUpViewController.swift in Sources */,
				756A50F7235E8673005397A9 /* MainViewController.swift in Sources */,
				75017973235BBA3600EF4B26 /* LogInViewController.swift in Sources */,
				7588966A2355598C00730C64 /* SceneDelegate.swift in Sources */,
			);
			runOnlyForDeploymentPostprocessing = 0;
		};
/* End PBXSourcesBuildPhase section */

/* Begin PBXVariantGroup section */
		7588966D2355598C00730C64 /* Main.storyboard */ = {
			isa = PBXVariantGroup;
			children = (
				7588966E2355598C00730C64 /* Base */,
			);
			name = Main.storyboard;
			sourceTree = "<group>";
		};
		758896722355598D00730C64 /* LaunchScreen.storyboard */ = {
			isa = PBXVariantGroup;
			children = (
				758896732355598D00730C64 /* Base */,
			);
			name = LaunchScreen.storyboard;
			sourceTree = "<group>";
		};
/* End PBXVariantGroup section */

/* Begin XCBuildConfiguration section */
		758896762355598D00730C64 /* Debug */ = {
			isa = XCBuildConfiguration;
			buildSettings = {
				ALWAYS_SEARCH_USER_PATHS = NO;
				CLANG_ANALYZER_NONNULL = YES;
				CLANG_ANALYZER_NUMBER_OBJECT_CONVERSION = YES_AGGRESSIVE;
				CLANG_CXX_LANGUAGE_STANDARD = "gnu++14";
				CLANG_CXX_LIBRARY = "libc++";
				CLANG_ENABLE_MODULES = YES;
				CLANG_ENABLE_OBJC_ARC = YES;
				CLANG_ENABLE_OBJC_WEAK = YES;
				CLANG_WARN_BLOCK_CAPTURE_AUTORELEASING = YES;
				CLANG_WARN_BOOL_CONVERSION = YES;
				CLANG_WARN_COMMA = YES;
				CLANG_WARN_CONSTANT_CONVERSION = YES;
				CLANG_WARN_DEPRECATED_OBJC_IMPLEMENTATIONS = YES;
				CLANG_WARN_DIRECT_OBJC_ISA_USAGE = YES_ERROR;
				CLANG_WARN_DOCUMENTATION_COMMENTS = YES;
				CLANG_WARN_EMPTY_BODY = YES;
				CLANG_WARN_ENUM_CONVERSION = YES;
				CLANG_WARN_INFINITE_RECURSION = YES;
				CLANG_WARN_INT_CONVERSION = YES;
				CLANG_WARN_NON_LITERAL_NULL_CONVERSION = YES;
				CLANG_WARN_OBJC_IMPLICIT_RETAIN_SELF = YES;
				CLANG_WARN_OBJC_LITERAL_CONVERSION = YES;
				CLANG_WARN_OBJC_ROOT_CLASS = YES_ERROR;
				CLANG_WARN_RANGE_LOOP_ANALYSIS = YES;
				CLANG_WARN_STRICT_PROTOTYPES = YES;
				CLANG_WARN_SUSPICIOUS_MOVE = YES;
				CLANG_WARN_UNGUARDED_AVAILABILITY = YES_AGGRESSIVE;
				CLANG_WARN_UNREACHABLE_CODE = YES;
				CLANG_WARN__DUPLICATE_METHOD_MATCH = YES;
				COPY_PHASE_STRIP = NO;
				DEBUG_INFORMATION_FORMAT = dwarf;
				ENABLE_STRICT_OBJC_MSGSEND = YES;
				ENABLE_TESTABILITY = YES;
				GCC_C_LANGUAGE_STANDARD = gnu11;
				GCC_DYNAMIC_NO_PIC = NO;
				GCC_NO_COMMON_BLOCKS = YES;
				GCC_OPTIMIZATION_LEVEL = 0;
				GCC_PREPROCESSOR_DEFINITIONS = (
					"DEBUG=1",
					"$(inherited)",
				);
				GCC_WARN_64_TO_32_BIT_CONVERSION = YES;
				GCC_WARN_ABOUT_RETURN_TYPE = YES_ERROR;
				GCC_WARN_UNDECLARED_SELECTOR = YES;
				GCC_WARN_UNINITIALIZED_AUTOS = YES_AGGRESSIVE;
				GCC_WARN_UNUSED_FUNCTION = YES;
				GCC_WARN_UNUSED_VARIABLE = YES;
				IPHONEOS_DEPLOYMENT_TARGET = 13.1;
				MTL_ENABLE_DEBUG_INFO = INCLUDE_SOURCE;
				MTL_FAST_MATH = YES;
				ONLY_ACTIVE_ARCH = YES;
				SDKROOT = iphoneos;
				SWIFT_ACTIVE_COMPILATION_CONDITIONS = DEBUG;
				SWIFT_OPTIMIZATION_LEVEL = "-Onone";
			};
			name = Debug;
		};
		758896772355598D00730C64 /* Release */ = {
			isa = XCBuildConfiguration;
			buildSettings = {
				ALWAYS_SEARCH_USER_PATHS = NO;
				CLANG_ANALYZER_NONNULL = YES;
				CLANG_ANALYZER_NUMBER_OBJECT_CONVERSION = YES_AGGRESSIVE;
				CLANG_CXX_LANGUAGE_STANDARD = "gnu++14";
				CLANG_CXX_LIBRARY = "libc++";
				CLANG_ENABLE_MODULES = YES;
				CLANG_ENABLE_OBJC_ARC = YES;
				CLANG_ENABLE_OBJC_WEAK = YES;
				CLANG_WARN_BLOCK_CAPTURE_AUTORELEASING = YES;
				CLANG_WARN_BOOL_CONVERSION = YES;
				CLANG_WARN_COMMA = YES;
				CLANG_WARN_CONSTANT_CONVERSION = YES;
				CLANG_WARN_DEPRECATED_OBJC_IMPLEMENTATIONS = YES;
				CLANG_WARN_DIRECT_OBJC_ISA_USAGE = YES_ERROR;
				CLANG_WARN_DOCUMENTATION_COMMENTS = YES;
				CLANG_WARN_EMPTY_BODY = YES;
				CLANG_WARN_ENUM_CONVERSION = YES;
				CLANG_WARN_INFINITE_RECURSION = YES;
				CLANG_WARN_INT_CONVERSION = YES;
				CLANG_WARN_NON_LITERAL_NULL_CONVERSION = YES;
				CLANG_WARN_OBJC_IMPLICIT_RETAIN_SELF = YES;
				CLANG_WARN_OBJC_LITERAL_CONVERSION = YES;
				CLANG_WARN_OBJC_ROOT_CLASS = YES_ERROR;
				CLANG_WARN_RANGE_LOOP_ANALYSIS = YES;
				CLANG_WARN_STRICT_PROTOTYPES = YES;
				CLANG_WARN_SUSPICIOUS_MOVE = YES;
				CLANG_WARN_UNGUARDED_AVAILABILITY = YES_AGGRESSIVE;
				CLANG_WARN_UNREACHABLE_CODE = YES;
				CLANG_WARN__DUPLICATE_METHOD_MATCH = YES;
				COPY_PHASE_STRIP = NO;
				DEBUG_INFORMATION_FORMAT = "dwarf-with-dsym";
				ENABLE_NS_ASSERTIONS = NO;
				ENABLE_STRICT_OBJC_MSGSEND = YES;
				GCC_C_LANGUAGE_STANDARD = gnu11;
				GCC_NO_COMMON_BLOCKS = YES;
				GCC_WARN_64_TO_32_BIT_CONVERSION = YES;
				GCC_WARN_ABOUT_RETURN_TYPE = YES_ERROR;
				GCC_WARN_UNDECLARED_SELECTOR = YES;
				GCC_WARN_UNINITIALIZED_AUTOS = YES_AGGRESSIVE;
				GCC_WARN_UNUSED_FUNCTION = YES;
				GCC_WARN_UNUSED_VARIABLE = YES;
				IPHONEOS_DEPLOYMENT_TARGET = 13.1;
				MTL_ENABLE_DEBUG_INFO = NO;
				MTL_FAST_MATH = YES;
				SDKROOT = iphoneos;
				SWIFT_COMPILATION_MODE = wholemodule;
				SWIFT_OPTIMIZATION_LEVEL = "-O";
				VALIDATE_PRODUCT = YES;
			};
			name = Release;
		};
		758896792355598D00730C64 /* Debug */ = {
			isa = XCBuildConfiguration;
			baseConfigurationReference = A042B29D097AC84C247B5C30 /* Pods-MusicHistory.debug.xcconfig */;
			buildSettings = {
				ASSETCATALOG_COMPILER_APPICON_NAME = AppIcon;
				CODE_SIGN_STYLE = Automatic;
				DEVELOPMENT_TEAM = 8SNW28UMK4;
				INFOPLIST_FILE = MusicHistory/Info.plist;
				LD_RUNPATH_SEARCH_PATHS = (
					"$(inherited)",
					"@executable_path/Frameworks",
				);
				PRODUCT_BUNDLE_IDENTIFIER = com.Greehouse.MusicHistory;
				PRODUCT_NAME = "$(TARGET_NAME)";
				SWIFT_VERSION = 5.0;
				TARGETED_DEVICE_FAMILY = 1;
			};
			name = Debug;
		};
		7588967A2355598D00730C64 /* Release */ = {
			isa = XCBuildConfiguration;
			baseConfigurationReference = 64972ECCD7DBE67AED0D5D3E /* Pods-MusicHistory.release.xcconfig */;
			buildSettings = {
				ASSETCATALOG_COMPILER_APPICON_NAME = AppIcon;
				CODE_SIGN_STYLE = Automatic;
				DEVELOPMENT_TEAM = 8SNW28UMK4;
				INFOPLIST_FILE = MusicHistory/Info.plist;
				LD_RUNPATH_SEARCH_PATHS = (
					"$(inherited)",
					"@executable_path/Frameworks",
				);
				PRODUCT_BUNDLE_IDENTIFIER = com.Greehouse.MusicHistory;
				PRODUCT_NAME = "$(TARGET_NAME)";
				SWIFT_VERSION = 5.0;
				TARGETED_DEVICE_FAMILY = 1;
			};
			name = Release;
		};
/* End XCBuildConfiguration section */

/* Begin XCConfigurationList section */
		7588965F2355598C00730C64 /* Build configuration list for PBXProject "MusicHistory" */ = {
			isa = XCConfigurationList;
			buildConfigurations = (
				758896762355598D00730C64 /* Debug */,
				758896772355598D00730C64 /* Release */,
			);
			defaultConfigurationIsVisible = 0;
			defaultConfigurationName = Release;
		};
		758896782355598D00730C64 /* Build configuration list for PBXNativeTarget "MusicHistory" */ = {
			isa = XCConfigurationList;
			buildConfigurations = (
				758896792355598D00730C64 /* Debug */,
				7588967A2355598D00730C64 /* Release */,
			);
			defaultConfigurationIsVisible = 0;
			defaultConfigurationName = Release;
		};
/* End XCConfigurationList section */
	};
	rootObject = 7588965C2355598C00730C64 /* Project object */;
}
